
Microsoft Visual Studio Solution File, Format Version 12.00
# Visual Studio Version 17
VisualStudioVersion = 17.10.35027.167
MinimumVisualStudioVersion = 10.0.40219.1
Project("{9A19103F-16F7-4668-BE54-9A1E7A4F7556}") = "SqlInjectionWorkshop", "SqlInjectionWorkshop.csproj", "{62D05501-A27E-4A4D-AFEE-A9ABB3980BB6}"
EndProject
Global
	GlobalSection(SolutionConfigurationPlatforms) = preSolution
		Debug|Any CPU = Debug|Any CPU
		Release|Any CPU = Release|Any CPU
	EndGlobalSection
	GlobalSection(ProjectConfigurationPlatforms) = postSolution
		{62D05501-A27E-4A4D-AFEE-A9ABB3980BB6}.Debug|Any CPU.ActiveCfg = Debug|Any CPU
		{62D05501-A27E-4A4D-AFEE-A9ABB3980BB6}.Debug|Any CPU.Build.0 = Debug|Any CPU
		{62D05501-A27E-4A4D-AFEE-A9ABB3980BB6}.Release|Any CPU.ActiveCfg = Release|Any CPU
		{62D05501-A27E-4A4D-AFEE-A9ABB3980BB6}.Release|Any CPU.Build.0 = Release|Any CPU
	EndGlobalSection
	GlobalSection(SolutionProperties) = preSolution
		HideSolutionNode = FALSE
	EndGlobalSection
	GlobalSection(ExtensibilityGlobals) = postSolution
		SolutionGuid = {DC55C27C-E5BA-4E88-8C26-3D7D6729E981}
	EndGlobalSection
EndGlobal
